// !$*UTF8*$!
{
	archiveVersion = 1;
	classes = {
	};
	objectVersion = 50;
	objects = {

/* Begin PBXBuildFile section */
		231545FD21EE607D0025E711 /* dog_foot.png in Resources */ = {isa = PBXBuildFile; fileRef = 231545FC21EE607A0025E711 /* dog_foot.png */; };
		2328844821E6032100E5E7C1 /* AppDelegate.swift in Sources */ = {isa = PBXBuildFile; fileRef = 2328844721E6032100E5E7C1 /* AppDelegate.swift */; };
		2328844A21E6032100E5E7C1 /* ViewController.swift in Sources */ = {isa = PBXBuildFile; fileRef = 2328844921E6032100E5E7C1 /* ViewController.swift */; };
		2328844D21E6032100E5E7C1 /* Main.storyboard in Resources */ = {isa = PBXBuildFile; fileRef = 2328844B21E6032100E5E7C1 /* Main.storyboard */; };
		2328844F21E6032800E5E7C1 /* Assets.xcassets in Resources */ = {isa = PBXBuildFile; fileRef = 2328844E21E6032800E5E7C1 /* Assets.xcassets */; };
		2328845221E6032800E5E7C1 /* LaunchScreen.storyboard in Resources */ = {isa = PBXBuildFile; fileRef = 2328845021E6032800E5E7C1 /* LaunchScreen.storyboard */; };
		2328845D21E6032900E5E7C1 /* DogOutMapTests.swift in Sources */ = {isa = PBXBuildFile; fileRef = 2328845C21E6032900E5E7C1 /* DogOutMapTests.swift */; };
		2328846821E6032900E5E7C1 /* DogOutMapUITests.swift in Sources */ = {isa = PBXBuildFile; fileRef = 2328846721E6032900E5E7C1 /* DogOutMapUITests.swift */; };
		2328847A21E60ACA00E5E7C1 /* SignInViewController.swift in Sources */ = {isa = PBXBuildFile; fileRef = 2328847921E60ACA00E5E7C1 /* SignInViewController.swift */; };
		2328847C21E60ADA00E5E7C1 /* SignUpViewController.swift in Sources */ = {isa = PBXBuildFile; fileRef = 2328847B21E60ADA00E5E7C1 /* SignUpViewController.swift */; };
		2328848D21E60B3200E5E7C1 /* current.png in Resources */ = {isa = PBXBuildFile; fileRef = 2328847D21E60B3100E5E7C1 /* current.png */; };
		2328848E21E60B3200E5E7C1 /* supermarket.png in Resources */ = {isa = PBXBuildFile; fileRef = 2328847E21E60B3100E5E7C1 /* supermarket.png */; };
		2328848F21E60B3200E5E7C1 /* shop.png in Resources */ = {isa = PBXBuildFile; fileRef = 2328847F21E60B3100E5E7C1 /* shop.png */; };
		2328849021E60B3200E5E7C1 /* workspace.png in Resources */ = {isa = PBXBuildFile; fileRef = 2328848021E60B3100E5E7C1 /* workspace.png */; };
		2328849121E60B3200E5E7C1 /* hotel.png in Resources */ = {isa = PBXBuildFile; fileRef = 2328848121E60B3100E5E7C1 /* hotel.png */; };
		2328849221E60B3200E5E7C1 /* plus.png in Resources */ = {isa = PBXBuildFile; fileRef = 2328848221E60B3100E5E7C1 /* plus.png */; };
		2328849321E60B3200E5E7C1 /* search.png in Resources */ = {isa = PBXBuildFile; fileRef = 2328848321E60B3100E5E7C1 /* search.png */; };
		2328849421E60B3200E5E7C1 /* left-arrow.png in Resources */ = {isa = PBXBuildFile; fileRef = 2328848421E60B3100E5E7C1 /* left-arrow.png */; };
		2328849521E60B3200E5E7C1 /* sports.png in Resources */ = {isa = PBXBuildFile; fileRef = 2328848521E60B3100E5E7C1 /* sports.png */; };
		2328849621E60B3200E5E7C1 /* beach.png in Resources */ = {isa = PBXBuildFile; fileRef = 2328848621E60B3100E5E7C1 /* beach.png */; };
		2328849721E60B3200E5E7C1 /* activity.png in Resources */ = {isa = PBXBuildFile; fileRef = 2328848721E60B3200E5E7C1 /* activity.png */; };
		2328849821E60B3200E5E7C1 /* eat.png in Resources */ = {isa = PBXBuildFile; fileRef = 2328848821E60B3200E5E7C1 /* eat.png */; };
		2328849921E60B3200E5E7C1 /* logo.png in Resources */ = {isa = PBXBuildFile; fileRef = 2328848921E60B3200E5E7C1 /* logo.png */; };
		2328849A21E60B3200E5E7C1 /* cancel.png in Resources */ = {isa = PBXBuildFile; fileRef = 2328848A21E60B3200E5E7C1 /* cancel.png */; };
		2328849B21E60B3200E5E7C1 /* directions.png in Resources */ = {isa = PBXBuildFile; fileRef = 2328848B21E60B3200E5E7C1 /* directions.png */; };
		2328849C21E60B3200E5E7C1 /* direction_detail.png in Resources */ = {isa = PBXBuildFile; fileRef = 2328848C21E60B3200E5E7C1 /* direction_detail.png */; };
		2328849F21E627E500E5E7C1 /* lock.png in Resources */ = {isa = PBXBuildFile; fileRef = 2328849D21E627E400E5E7C1 /* lock.png */; };
		232884A021E627E500E5E7C1 /* email.png in Resources */ = {isa = PBXBuildFile; fileRef = 2328849E21E627E400E5E7C1 /* email.png */; };
		232884A221E64A2B00E5E7C1 /* user.png in Resources */ = {isa = PBXBuildFile; fileRef = 232884A121E64A2800E5E7C1 /* user.png */; };
		23296F7E21E7989E0013AAC8 /* left-arrow-black.png in Resources */ = {isa = PBXBuildFile; fileRef = 23296F7D21E798990013AAC8 /* left-arrow-black.png */; };
		23296F8021E7A3B20013AAC8 /* dog.png in Resources */ = {isa = PBXBuildFile; fileRef = 23296F7F21E7A3B00013AAC8 /* dog.png */; };
		23296F8221E7A3DE0013AAC8 /* marker.png in Resources */ = {isa = PBXBuildFile; fileRef = 23296F8121E7A3DE0013AAC8 /* marker.png */; };
		23296F8421E7EE280013AAC8 /* mapInfo.swift in Sources */ = {isa = PBXBuildFile; fileRef = 23296F8321E7EE280013AAC8 /* mapInfo.swift */; };
		234BDED321FB1F3800B2C944 /* Global.swift in Sources */ = {isa = PBXBuildFile; fileRef = 234BDED221FB1F3800B2C944 /* Global.swift */; };
		2366AB3C21FEA62300868797 /* dogoutreview_close.png in Resources */ = {isa = PBXBuildFile; fileRef = 2366AB3B21FEA62200868797 /* dogoutreview_close.png */; };
		2366AB3E21FEFB6D00868797 /* modal_write_review.png in Resources */ = {isa = PBXBuildFile; fileRef = 2366AB3D21FEFB6B00868797 /* modal_write_review.png */; };
		2366AB4021FF579500868797 /* ReportsTableViewCell.swift in Sources */ = {isa = PBXBuildFile; fileRef = 2366AB3F21FF579500868797 /* ReportsTableViewCell.swift */; };
		2366AB4221FF7F6A00868797 /* DirectionsViewController.swift in Sources */ = {isa = PBXBuildFile; fileRef = 2366AB4121FF7F6A00868797 /* DirectionsViewController.swift */; };
		2373C75D21E6678A00C1F6DF /* ForgetFirstAlertViewController.swift in Sources */ = {isa = PBXBuildFile; fileRef = 2373C75C21E6678A00C1F6DF /* ForgetFirstAlertViewController.swift */; };
		2373C76121E6994000C1F6DF /* TermsAndConditionsViewController.swift in Sources */ = {isa = PBXBuildFile; fileRef = 2373C76021E6994000C1F6DF /* TermsAndConditionsViewController.swift */; };
		2373C76321E6D9D200C1F6DF /* close_terms.png in Resources */ = {isa = PBXBuildFile; fileRef = 2373C76221E6D9D000C1F6DF /* close_terms.png */; };
		2373C76521E6DE9900C1F6DF /* VerifyCodeViewController.swift in Sources */ = {isa = PBXBuildFile; fileRef = 2373C76421E6DE9900C1F6DF /* VerifyCodeViewController.swift */; };
		2373C76721E74EC100C1F6DF /* HomeViewController.swift in Sources */ = {isa = PBXBuildFile; fileRef = 2373C76621E74EC100C1F6DF /* HomeViewController.swift */; };
		23C8C23721FC5C8700FECEC4 /* WritingReviewViewController.swift in Sources */ = {isa = PBXBuildFile; fileRef = 23C8C23621FC5C8700FECEC4 /* WritingReviewViewController.swift */; };
		23C8C23B21FC6B8D00FECEC4 /* writing_review_cancel.png in Resources */ = {isa = PBXBuildFile; fileRef = 23C8C23A21FC6B8C00FECEC4 /* writing_review_cancel.png */; };
		23C8C23F21FCB6BE00FECEC4 /* write_review.png in Resources */ = {isa = PBXBuildFile; fileRef = 23C8C23E21FCB6BD00FECEC4 /* write_review.png */; };
		23C8C24121FCC30400FECEC4 /* btn_result_close.png in Resources */ = {isa = PBXBuildFile; fileRef = 23C8C24021FCC30200FECEC4 /* btn_result_close.png */; };
		23C8C24321FCC85700FECEC4 /* ReportLocationViewController.swift in Sources */ = {isa = PBXBuildFile; fileRef = 23C8C24221FCC85700FECEC4 /* ReportLocationViewController.swift */; };
		23C8C24521FD139500FECEC4 /* SuggestNewLocationViewController.swift in Sources */ = {isa = PBXBuildFile; fileRef = 23C8C24421FD139500FECEC4 /* SuggestNewLocationViewController.swift */; };
		23C8C24721FE6ACF00FECEC4 /* suggest_newlocation.png in Resources */ = {isa = PBXBuildFile; fileRef = 23C8C24621FE6ACC00FECEC4 /* suggest_newlocation.png */; };
		4E74973EE5DA275190861EA8 /* Pods_DogOutMap.framework in Frameworks */ = {isa = PBXBuildFile; fileRef = 7F08C812D5FC374DDB4A3424 /* Pods_DogOutMap.framework */; };
/* End PBXBuildFile section */

/* Begin PBXContainerItemProxy section */
		2328845921E6032900E5E7C1 /* PBXContainerItemProxy */ = {
			isa = PBXContainerItemProxy;
			containerPortal = 2328843C21E6032100E5E7C1 /* Project object */;
			proxyType = 1;
			remoteGlobalIDString = 2328844321E6032100E5E7C1;
			remoteInfo = DogOutMap;
		};
		2328846421E6032900E5E7C1 /* PBXContainerItemProxy */ = {
			isa = PBXContainerItemProxy;
			containerPortal = 2328843C21E6032100E5E7C1 /* Project object */;
			proxyType = 1;
			remoteGlobalIDString = 2328844321E6032100E5E7C1;
			remoteInfo = DogOutMap;
		};
/* End PBXContainerItemProxy section */

/* Begin PBXFileReference section */
		068EFB9BD31AF7FFC675D7E7 /* Pods-DogOutMap.debug.xcconfig */ = {isa = PBXFileReference; includeInIndex = 1; lastKnownFileType = text.xcconfig; name = "Pods-DogOutMap.debug.xcconfig"; path = "Target Support Files/Pods-DogOutMap/Pods-DogOutMap.debug.xcconfig"; sourceTree = "<group>"; };
		231545FC21EE607A0025E711 /* dog_foot.png */ = {isa = PBXFileReference; lastKnownFileType = image.png; path = dog_foot.png; sourceTree = "<group>"; };
		2328844421E6032100E5E7C1 /* DogOutMap.app */ = {isa = PBXFileReference; explicitFileType = wrapper.application; includeInIndex = 0; path = DogOutMap.app; sourceTree = BUILT_PRODUCTS_DIR; };
		2328844721E6032100E5E7C1 /* AppDelegate.swift */ = {isa = PBXFileReference; lastKnownFileType = sourcecode.swift; path = AppDelegate.swift; sourceTree = "<group>"; };
		2328844921E6032100E5E7C1 /* ViewController.swift */ = {isa = PBXFileReference; lastKnownFileType = sourcecode.swift; path = ViewController.swift; sourceTree = "<group>"; };
		2328844C21E6032100E5E7C1 /* Base */ = {isa = PBXFileReference; lastKnownFileType = file.storyboard; name = Base; path = Base.lproj/Main.storyboard; sourceTree = "<group>"; };
		2328844E21E6032800E5E7C1 /* Assets.xcassets */ = {isa = PBXFileReference; lastKnownFileType = folder.assetcatalog; path = Assets.xcassets; sourceTree = "<group>"; };
		2328845121E6032800E5E7C1 /* Base */ = {isa = PBXFileReference; lastKnownFileType = file.storyboard; name = Base; path = Base.lproj/LaunchScreen.storyboard; sourceTree = "<group>"; };
		2328845321E6032800E5E7C1 /* Info.plist */ = {isa = PBXFileReference; lastKnownFileType = text.plist.xml; path = Info.plist; sourceTree = "<group>"; };
		2328845821E6032800E5E7C1 /* DogOutMapTests.xctest */ = {isa = PBXFileReference; explicitFileType = wrapper.cfbundle; includeInIndex = 0; path = DogOutMapTests.xctest; sourceTree = BUILT_PRODUCTS_DIR; };
		2328845C21E6032900E5E7C1 /* DogOutMapTests.swift */ = {isa = PBXFileReference; lastKnownFileType = sourcecode.swift; path = DogOutMapTests.swift; sourceTree = "<group>"; };
		2328845E21E6032900E5E7C1 /* Info.plist */ = {isa = PBXFileReference; lastKnownFileType = text.plist.xml; path = Info.plist; sourceTree = "<group>"; };
		2328846321E6032900E5E7C1 /* DogOutMapUITests.xctest */ = {isa = PBXFileReference; explicitFileType = wrapper.cfbundle; includeInIndex = 0; path = DogOutMapUITests.xctest; sourceTree = BUILT_PRODUCTS_DIR; };
		2328846721E6032900E5E7C1 /* DogOutMapUITests.swift */ = {isa = PBXFileReference; lastKnownFileType = sourcecode.swift; path = DogOutMapUITests.swift; sourceTree = "<group>"; };
		2328846921E6032900E5E7C1 /* Info.plist */ = {isa = PBXFileReference; lastKnownFileType = text.plist.xml; path = Info.plist; sourceTree = "<group>"; };
		2328847921E60ACA00E5E7C1 /* SignInViewController.swift */ = {isa = PBXFileReference; lastKnownFileType = sourcecode.swift; path = SignInViewController.swift; sourceTree = "<group>"; };
		2328847B21E60ADA00E5E7C1 /* SignUpViewController.swift */ = {isa = PBXFileReference; lastKnownFileType = sourcecode.swift; path = SignUpViewController.swift; sourceTree = "<group>"; };
		2328847D21E60B3100E5E7C1 /* current.png */ = {isa = PBXFileReference; lastKnownFileType = image.png; path = current.png; sourceTree = "<group>"; };
		2328847E21E60B3100E5E7C1 /* supermarket.png */ = {isa = PBXFileReference; lastKnownFileType = image.png; path = supermarket.png; sourceTree = "<group>"; };
		2328847F21E60B3100E5E7C1 /* shop.png */ = {isa = PBXFileReference; lastKnownFileType = image.png; path = shop.png; sourceTree = "<group>"; };
		2328848021E60B3100E5E7C1 /* workspace.png */ = {isa = PBXFileReference; lastKnownFileType = image.png; path = workspace.png; sourceTree = "<group>"; };
		2328848121E60B3100E5E7C1 /* hotel.png */ = {isa = PBXFileReference; lastKnownFileType = image.png; path = hotel.png; sourceTree = "<group>"; };
		2328848221E60B3100E5E7C1 /* plus.png */ = {isa = PBXFileReference; lastKnownFileType = image.png; path = plus.png; sourceTree = "<group>"; };
		2328848321E60B3100E5E7C1 /* search.png */ = {isa = PBXFileReference; lastKnownFileType = image.png; path = search.png; sourceTree = "<group>"; };
		2328848421E60B3100E5E7C1 /* left-arrow.png */ = {isa = PBXFileReference; lastKnownFileType = image.png; path = "left-arrow.png"; sourceTree = "<group>"; };
		2328848521E60B3100E5E7C1 /* sports.png */ = {isa = PBXFileReference; lastKnownFileType = image.png; path = sports.png; sourceTree = "<group>"; };
		2328848621E60B3100E5E7C1 /* beach.png */ = {isa = PBXFileReference; lastKnownFileType = image.png; path = beach.png; sourceTree = "<group>"; };
		2328848721E60B3200E5E7C1 /* activity.png */ = {isa = PBXFileReference; lastKnownFileType = image.png; path = activity.png; sourceTree = "<group>"; };
		2328848821E60B3200E5E7C1 /* eat.png */ = {isa = PBXFileReference; lastKnownFileType = image.png; path = eat.png; sourceTree = "<group>"; };
		2328848921E60B3200E5E7C1 /* logo.png */ = {isa = PBXFileReference; lastKnownFileType = image.png; path = logo.png; sourceTree = "<group>"; };
		2328848A21E60B3200E5E7C1 /* cancel.png */ = {isa = PBXFileReference; lastKnownFileType = image.png; path = cancel.png; sourceTree = "<group>"; };
		2328848B21E60B3200E5E7C1 /* directions.png */ = {isa = PBXFileReference; lastKnownFileType = image.png; path = directions.png; sourceTree = "<group>"; };
		2328848C21E60B3200E5E7C1 /* direction_detail.png */ = {isa = PBXFileReference; lastKnownFileType = image.png; path = direction_detail.png; sourceTree = "<group>"; };
		2328849D21E627E400E5E7C1 /* lock.png */ = {isa = PBXFileReference; lastKnownFileType = image.png; path = lock.png; sourceTree = "<group>"; };
		2328849E21E627E400E5E7C1 /* email.png */ = {isa = PBXFileReference; lastKnownFileType = image.png; path = email.png; sourceTree = "<group>"; };
		232884A121E64A2800E5E7C1 /* user.png */ = {isa = PBXFileReference; lastKnownFileType = image.png; path = user.png; sourceTree = "<group>"; };
		23296F7D21E798990013AAC8 /* left-arrow-black.png */ = {isa = PBXFileReference; lastKnownFileType = image.png; path = "left-arrow-black.png"; sourceTree = "<group>"; };
		23296F7F21E7A3B00013AAC8 /* dog.png */ = {isa = PBXFileReference; lastKnownFileType = image.png; path = dog.png; sourceTree = "<group>"; };
		23296F8121E7A3DE0013AAC8 /* marker.png */ = {isa = PBXFileReference; lastKnownFileType = image.png; path = marker.png; sourceTree = "<group>"; };
		23296F8321E7EE280013AAC8 /* mapInfo.swift */ = {isa = PBXFileReference; lastKnownFileType = sourcecode.swift; path = mapInfo.swift; sourceTree = "<group>"; };
		234BDED221FB1F3800B2C944 /* Global.swift */ = {isa = PBXFileReference; lastKnownFileType = sourcecode.swift; path = Global.swift; sourceTree = "<group>"; };
		2366AB3B21FEA62200868797 /* dogoutreview_close.png */ = {isa = PBXFileReference; lastKnownFileType = image.png; path = dogoutreview_close.png; sourceTree = "<group>"; };
		2366AB3D21FEFB6B00868797 /* modal_write_review.png */ = {isa = PBXFileReference; lastKnownFileType = image.png; path = modal_write_review.png; sourceTree = "<group>"; };
		2366AB3F21FF579500868797 /* ReportsTableViewCell.swift */ = {isa = PBXFileReference; lastKnownFileType = sourcecode.swift; path = ReportsTableViewCell.swift; sourceTree = "<group>"; };
		2366AB4121FF7F6A00868797 /* DirectionsViewController.swift */ = {isa = PBXFileReference; lastKnownFileType = sourcecode.swift; path = DirectionsViewController.swift; sourceTree = "<group>"; };
		2373C75C21E6678A00C1F6DF /* ForgetFirstAlertViewController.swift */ = {isa = PBXFileReference; lastKnownFileType = sourcecode.swift; path = ForgetFirstAlertViewController.swift; sourceTree = "<group>"; };
		2373C76021E6994000C1F6DF /* TermsAndConditionsViewController.swift */ = {isa = PBXFileReference; lastKnownFileType = sourcecode.swift; path = TermsAndConditionsViewController.swift; sourceTree = "<group>"; };
		2373C76221E6D9D000C1F6DF /* close_terms.png */ = {isa = PBXFileReference; lastKnownFileType = image.png; path = close_terms.png; sourceTree = "<group>"; };
		2373C76421E6DE9900C1F6DF /* VerifyCodeViewController.swift */ = {isa = PBXFileReference; lastKnownFileType = sourcecode.swift; path = VerifyCodeViewController.swift; sourceTree = "<group>"; };
		2373C76621E74EC100C1F6DF /* HomeViewController.swift */ = {isa = PBXFileReference; lastKnownFileType = sourcecode.swift; path = HomeViewController.swift; sourceTree = "<group>"; };
		23C8C23621FC5C8700FECEC4 /* WritingReviewViewController.swift */ = {isa = PBXFileReference; lastKnownFileType = sourcecode.swift; path = WritingReviewViewController.swift; sourceTree = "<group>"; };
		23C8C23A21FC6B8C00FECEC4 /* writing_review_cancel.png */ = {isa = PBXFileReference; lastKnownFileType = image.png; path = writing_review_cancel.png; sourceTree = "<group>"; };
		23C8C23E21FCB6BD00FECEC4 /* write_review.png */ = {isa = PBXFileReference; lastKnownFileType = image.png; name = write_review.png; path = ../../../write_review.png; sourceTree = "<group>"; };
		23C8C24021FCC30200FECEC4 /* btn_result_close.png */ = {isa = PBXFileReference; lastKnownFileType = image.png; path = btn_result_close.png; sourceTree = "<group>"; };
		23C8C24221FCC85700FECEC4 /* ReportLocationViewController.swift */ = {isa = PBXFileReference; lastKnownFileType = sourcecode.swift; path = ReportLocationViewController.swift; sourceTree = "<group>"; };
		23C8C24421FD139500FECEC4 /* SuggestNewLocationViewController.swift */ = {isa = PBXFileReference; lastKnownFileType = sourcecode.swift; path = SuggestNewLocationViewController.swift; sourceTree = "<group>"; };
		23C8C24621FE6ACC00FECEC4 /* suggest_newlocation.png */ = {isa = PBXFileReference; lastKnownFileType = image.png; path = suggest_newlocation.png; sourceTree = "<group>"; };
		30EDC0C515F991391D01E7C2 /* Pods-DogOutMap.release.xcconfig */ = {isa = PBXFileReference; includeInIndex = 1; lastKnownFileType = text.xcconfig; name = "Pods-DogOutMap.release.xcconfig"; path = "Target Support Files/Pods-DogOutMap/Pods-DogOutMap.release.xcconfig"; sourceTree = "<group>"; };
		7F08C812D5FC374DDB4A3424 /* Pods_DogOutMap.framework */ = {isa = PBXFileReference; explicitFileType = wrapper.framework; includeInIndex = 0; path = Pods_DogOutMap.framework; sourceTree = BUILT_PRODUCTS_DIR; };
/* End PBXFileReference section */

/* Begin PBXFrameworksBuildPhase section */
		2328844121E6032100E5E7C1 /* Frameworks */ = {
			isa = PBXFrameworksBuildPhase;
			buildActionMask = 2147483647;
			files = (
				4E74973EE5DA275190861EA8 /* Pods_DogOutMap.framework in Frameworks */,
			);
			runOnlyForDeploymentPostprocessing = 0;
		};
		2328845521E6032800E5E7C1 /* Frameworks */ = {
			isa = PBXFrameworksBuildPhase;
			buildActionMask = 2147483647;
			files = (
			);
			runOnlyForDeploymentPostprocessing = 0;
		};
		2328846021E6032900E5E7C1 /* Frameworks */ = {
			isa = PBXFrameworksBuildPhase;
			buildActionMask = 2147483647;
			files = (
			);
			runOnlyForDeploymentPostprocessing = 0;
		};
/* End PBXFrameworksBuildPhase section */

/* Begin PBXGroup section */
		2328843B21E6032100E5E7C1 = {
			isa = PBXGroup;
			children = (
				2328844621E6032100E5E7C1 /* DogOutMap */,
				2328845B21E6032900E5E7C1 /* DogOutMapTests */,
				2328846621E6032900E5E7C1 /* DogOutMapUITests */,
				2328844521E6032100E5E7C1 /* Products */,
				FF1F92E456ED8A5027C25F30 /* Pods */,
				545113ED6E79ED816C766019 /* Frameworks */,
			);
			sourceTree = "<group>";
		};
		2328844521E6032100E5E7C1 /* Products */ = {
			isa = PBXGroup;
			children = (
				2328844421E6032100E5E7C1 /* DogOutMap.app */,
				2328845821E6032800E5E7C1 /* DogOutMapTests.xctest */,
				2328846321E6032900E5E7C1 /* DogOutMapUITests.xctest */,
			);
			name = Products;
			sourceTree = "<group>";
		};
		2328844621E6032100E5E7C1 /* DogOutMap */ = {
			isa = PBXGroup;
			children = (
				2328847621E6091F00E5E7C1 /* assets */,
				2328847521E6091500E5E7C1 /* screens */,
				2328844721E6032100E5E7C1 /* AppDelegate.swift */,
				2328844921E6032100E5E7C1 /* ViewController.swift */,
				2328844B21E6032100E5E7C1 /* Main.storyboard */,
				2328844E21E6032800E5E7C1 /* Assets.xcassets */,
				2328845021E6032800E5E7C1 /* LaunchScreen.storyboard */,
				2328845321E6032800E5E7C1 /* Info.plist */,
			);
			path = DogOutMap;
			sourceTree = "<group>";
		};
		2328845B21E6032900E5E7C1 /* DogOutMapTests */ = {
			isa = PBXGroup;
			children = (
				2328845C21E6032900E5E7C1 /* DogOutMapTests.swift */,
				2328845E21E6032900E5E7C1 /* Info.plist */,
			);
			path = DogOutMapTests;
			sourceTree = "<group>";
		};
		2328846621E6032900E5E7C1 /* DogOutMapUITests */ = {
			isa = PBXGroup;
			children = (
				2328846721E6032900E5E7C1 /* DogOutMapUITests.swift */,
				2328846921E6032900E5E7C1 /* Info.plist */,
			);
			path = DogOutMapUITests;
			sourceTree = "<group>";
		};
		2328847521E6091500E5E7C1 /* screens */ = {
			isa = PBXGroup;
			children = (
				2328847921E60ACA00E5E7C1 /* SignInViewController.swift */,
				2328847B21E60ADA00E5E7C1 /* SignUpViewController.swift */,
				2373C75C21E6678A00C1F6DF /* ForgetFirstAlertViewController.swift */,
				2373C76021E6994000C1F6DF /* TermsAndConditionsViewController.swift */,
				2373C76421E6DE9900C1F6DF /* VerifyCodeViewController.swift */,
				2373C76621E74EC100C1F6DF /* HomeViewController.swift */,
				23296F8321E7EE280013AAC8 /* mapInfo.swift */,
				234BDED221FB1F3800B2C944 /* Global.swift */,
				23C8C23621FC5C8700FECEC4 /* WritingReviewViewController.swift */,
				23C8C24221FCC85700FECEC4 /* ReportLocationViewController.swift */,
				23C8C24421FD139500FECEC4 /* SuggestNewLocationViewController.swift */,
				2366AB3F21FF579500868797 /* ReportsTableViewCell.swift */,
				2366AB4121FF7F6A00868797 /* DirectionsViewController.swift */,
			);
			path = screens;
			sourceTree = "<group>";
		};
		2328847621E6091F00E5E7C1 /* assets */ = {
			isa = PBXGroup;
			children = (
				2366AB3D21FEFB6B00868797 /* modal_write_review.png */,
				2366AB3B21FEA62200868797 /* dogoutreview_close.png */,
				23C8C24621FE6ACC00FECEC4 /* suggest_newlocation.png */,
				23C8C24021FCC30200FECEC4 /* btn_result_close.png */,
				23C8C23E21FCB6BD00FECEC4 /* write_review.png */,
				23C8C23A21FC6B8C00FECEC4 /* writing_review_cancel.png */,
				231545FC21EE607A0025E711 /* dog_foot.png */,
				23296F8121E7A3DE0013AAC8 /* marker.png */,
				23296F7F21E7A3B00013AAC8 /* dog.png */,
				23296F7D21E798990013AAC8 /* left-arrow-black.png */,
				2373C76221E6D9D000C1F6DF /* close_terms.png */,
				232884A121E64A2800E5E7C1 /* user.png */,
				2328849E21E627E400E5E7C1 /* email.png */,
				2328849D21E627E400E5E7C1 /* lock.png */,
				2328848721E60B3200E5E7C1 /* activity.png */,
				2328848621E60B3100E5E7C1 /* beach.png */,
				2328848A21E60B3200E5E7C1 /* cancel.png */,
				2328847D21E60B3100E5E7C1 /* current.png */,
				2328848C21E60B3200E5E7C1 /* direction_detail.png */,
				2328848B21E60B3200E5E7C1 /* directions.png */,
				2328848821E60B3200E5E7C1 /* eat.png */,
				2328848121E60B3100E5E7C1 /* hotel.png */,
				2328848421E60B3100E5E7C1 /* left-arrow.png */,
				2328848921E60B3200E5E7C1 /* logo.png */,
				2328848221E60B3100E5E7C1 /* plus.png */,
				2328848321E60B3100E5E7C1 /* search.png */,
				2328847F21E60B3100E5E7C1 /* shop.png */,
				2328848521E60B3100E5E7C1 /* sports.png */,
				2328847E21E60B3100E5E7C1 /* supermarket.png */,
				2328848021E60B3100E5E7C1 /* workspace.png */,
			);
			path = assets;
			sourceTree = "<group>";
		};
		545113ED6E79ED816C766019 /* Frameworks */ = {
			isa = PBXGroup;
			children = (
				7F08C812D5FC374DDB4A3424 /* Pods_DogOutMap.framework */,
			);
			name = Frameworks;
			sourceTree = "<group>";
		};
		FF1F92E456ED8A5027C25F30 /* Pods */ = {
			isa = PBXGroup;
			children = (
				068EFB9BD31AF7FFC675D7E7 /* Pods-DogOutMap.debug.xcconfig */,
				30EDC0C515F991391D01E7C2 /* Pods-DogOutMap.release.xcconfig */,
			);
			path = Pods;
			sourceTree = "<group>";
		};
/* End PBXGroup section */

/* Begin PBXNativeTarget section */
		2328844321E6032100E5E7C1 /* DogOutMap */ = {
			isa = PBXNativeTarget;
			buildConfigurationList = 2328846C21E6032900E5E7C1 /* Build configuration list for PBXNativeTarget "DogOutMap" */;
			buildPhases = (
				E3F76016AC1A69088A06AC76 /* [CP] Check Pods Manifest.lock */,
				2328844021E6032100E5E7C1 /* Sources */,
				2328844121E6032100E5E7C1 /* Frameworks */,
				2328844221E6032100E5E7C1 /* Resources */,
				2975AB81BABBB4CD53ADDCF2 /* [CP] Embed Pods Frameworks */,
			);
			buildRules = (
			);
			dependencies = (
			);
			name = DogOutMap;
			productName = DogOutMap;
			productReference = 2328844421E6032100E5E7C1 /* DogOutMap.app */;
			productType = "com.apple.product-type.application";
		};
		2328845721E6032800E5E7C1 /* DogOutMapTests */ = {
			isa = PBXNativeTarget;
			buildConfigurationList = 2328846F21E6032900E5E7C1 /* Build configuration list for PBXNativeTarget "DogOutMapTests" */;
			buildPhases = (
				2328845421E6032800E5E7C1 /* Sources */,
				2328845521E6032800E5E7C1 /* Frameworks */,
				2328845621E6032800E5E7C1 /* Resources */,
			);
			buildRules = (
			);
			dependencies = (
				2328845A21E6032900E5E7C1 /* PBXTargetDependency */,
			);
			name = DogOutMapTests;
			productName = DogOutMapTests;
			productReference = 2328845821E6032800E5E7C1 /* DogOutMapTests.xctest */;
			productType = "com.apple.product-type.bundle.unit-test";
		};
		2328846221E6032900E5E7C1 /* DogOutMapUITests */ = {
			isa = PBXNativeTarget;
			buildConfigurationList = 2328847221E6032900E5E7C1 /* Build configuration list for PBXNativeTarget "DogOutMapUITests" */;
			buildPhases = (
				2328845F21E6032900E5E7C1 /* Sources */,
				2328846021E6032900E5E7C1 /* Frameworks */,
				2328846121E6032900E5E7C1 /* Resources */,
			);
			buildRules = (
			);
			dependencies = (
				2328846521E6032900E5E7C1 /* PBXTargetDependency */,
			);
			name = DogOutMapUITests;
			productName = DogOutMapUITests;
			productReference = 2328846321E6032900E5E7C1 /* DogOutMapUITests.xctest */;
			productType = "com.apple.product-type.bundle.ui-testing";
		};
/* End PBXNativeTarget section */

/* Begin PBXProject section */
		2328843C21E6032100E5E7C1 /* Project object */ = {
			isa = PBXProject;
			attributes = {
				LastSwiftUpdateCheck = 1010;
				LastUpgradeCheck = 1010;
				ORGANIZATIONNAME = "Water Flower";
				TargetAttributes = {
					2328844321E6032100E5E7C1 = {
						CreatedOnToolsVersion = 10.1;
					};
					2328845721E6032800E5E7C1 = {
						CreatedOnToolsVersion = 10.1;
						TestTargetID = 2328844321E6032100E5E7C1;
					};
					2328846221E6032900E5E7C1 = {
						CreatedOnToolsVersion = 10.1;
						TestTargetID = 2328844321E6032100E5E7C1;
					};
				};
			};
			buildConfigurationList = 2328843F21E6032100E5E7C1 /* Build configuration list for PBXProject "DogOutMap" */;
			compatibilityVersion = "Xcode 9.3";
			developmentRegion = en;
			hasScannedForEncodings = 0;
			knownRegions = (
				en,
				Base,
			);
			mainGroup = 2328843B21E6032100E5E7C1;
			productRefGroup = 2328844521E6032100E5E7C1 /* Products */;
			projectDirPath = "";
			projectRoot = "";
			targets = (
				2328844321E6032100E5E7C1 /* DogOutMap */,
				2328845721E6032800E5E7C1 /* DogOutMapTests */,
				2328846221E6032900E5E7C1 /* DogOutMapUITests */,
			);
		};
/* End PBXProject section */

/* Begin PBXResourcesBuildPhase section */
		2328844221E6032100E5E7C1 /* Resources */ = {
			isa = PBXResourcesBuildPhase;
			buildActionMask = 2147483647;
			files = (
				2328849521E60B3200E5E7C1 /* sports.png in Resources */,
				231545FD21EE607D0025E711 /* dog_foot.png in Resources */,
				2366AB3C21FEA62300868797 /* dogoutreview_close.png in Resources */,
				2328849121E60B3200E5E7C1 /* hotel.png in Resources */,
				23C8C23F21FCB6BE00FECEC4 /* write_review.png in Resources */,
				2328845221E6032800E5E7C1 /* LaunchScreen.storyboard in Resources */,
				23296F8221E7A3DE0013AAC8 /* marker.png in Resources */,
				2328849421E60B3200E5E7C1 /* left-arrow.png in Resources */,
				2328849221E60B3200E5E7C1 /* plus.png in Resources */,
				23296F7E21E7989E0013AAC8 /* left-arrow-black.png in Resources */,
				2328848E21E60B3200E5E7C1 /* supermarket.png in Resources */,
				2328849021E60B3200E5E7C1 /* workspace.png in Resources */,
				2328849A21E60B3200E5E7C1 /* cancel.png in Resources */,
				2328849C21E60B3200E5E7C1 /* direction_detail.png in Resources */,
				2328849321E60B3200E5E7C1 /* search.png in Resources */,
				23C8C24721FE6ACF00FECEC4 /* suggest_newlocation.png in Resources */,
				2366AB3E21FEFB6D00868797 /* modal_write_review.png in Resources */,
				23C8C24121FCC30400FECEC4 /* btn_result_close.png in Resources */,
				2373C76321E6D9D200C1F6DF /* close_terms.png in Resources */,
				2328848D21E60B3200E5E7C1 /* current.png in Resources */,
				2328849621E60B3200E5E7C1 /* beach.png in Resources */,
				2328849B21E60B3200E5E7C1 /* directions.png in Resources */,
				2328844F21E6032800E5E7C1 /* Assets.xcassets in Resources */,
				232884A221E64A2B00E5E7C1 /* user.png in Resources */,
				2328844D21E6032100E5E7C1 /* Main.storyboard in Resources */,
				2328849921E60B3200E5E7C1 /* logo.png in Resources */,
				2328849F21E627E500E5E7C1 /* lock.png in Resources */,
				23C8C23B21FC6B8D00FECEC4 /* writing_review_cancel.png in Resources */,
				2328849821E60B3200E5E7C1 /* eat.png in Resources */,
				23296F8021E7A3B20013AAC8 /* dog.png in Resources */,
				2328849721E60B3200E5E7C1 /* activity.png in Resources */,
				2328848F21E60B3200E5E7C1 /* shop.png in Resources */,
				232884A021E627E500E5E7C1 /* email.png in Resources */,
			);
			runOnlyForDeploymentPostprocessing = 0;
		};
		2328845621E6032800E5E7C1 /* Resources */ = {
			isa = PBXResourcesBuildPhase;
			buildActionMask = 2147483647;
			files = (
			);
			runOnlyForDeploymentPostprocessing = 0;
		};
		2328846121E6032900E5E7C1 /* Resources */ = {
			isa = PBXResourcesBuildPhase;
			buildActionMask = 2147483647;
			files = (
			);
			runOnlyForDeploymentPostprocessing = 0;
		};
/* End PBXResourcesBuildPhase section */

/* Begin PBXShellScriptBuildPhase section */
		2975AB81BABBB4CD53ADDCF2 /* [CP] Embed Pods Frameworks */ = {
			isa = PBXShellScriptBuildPhase;
			buildActionMask = 2147483647;
			files = (
			);
			inputFileListPaths = (
			);
			inputPaths = (
				"${PODS_ROOT}/Target Support Files/Pods-DogOutMap/Pods-DogOutMap-frameworks.sh",
				"${BUILT_PRODUCTS_DIR}/AARatingBar/AARatingBar.framework",
				"${BUILT_PRODUCTS_DIR}/AFNetworking/AFNetworking.framework",
				"${BUILT_PRODUCTS_DIR}/Alamofire/Alamofire.framework",
				"${BUILT_PRODUCTS_DIR}/ImageSlideshow/ImageSlideshow.framework",
				"${BUILT_PRODUCTS_DIR}/SDWebImage/SDWebImage.framework",
			);
			name = "[CP] Embed Pods Frameworks";
			outputFileListPaths = (
			);
			outputPaths = (
				"${TARGET_BUILD_DIR}/${FRAMEWORKS_FOLDER_PATH}/AARatingBar.framework",
				"${TARGET_BUILD_DIR}/${FRAMEWORKS_FOLDER_PATH}/AFNetworking.framework",
				"${TARGET_BUILD_DIR}/${FRAMEWORKS_FOLDER_PATH}/Alamofire.framework",
				"${TARGET_BUILD_DIR}/${FRAMEWORKS_FOLDER_PATH}/ImageSlideshow.framework",
				"${TARGET_BUILD_DIR}/${FRAMEWORKS_FOLDER_PATH}/SDWebImage.framework",
			);
			runOnlyForDeploymentPostprocessing = 0;
			shellPath = /bin/sh;
			shellScript = "\"${PODS_ROOT}/Target Support Files/Pods-DogOutMap/Pods-DogOutMap-frameworks.sh\"\n";
			showEnvVarsInLog = 0;
		};
		E3F76016AC1A69088A06AC76 /* [CP] Check Pods Manifest.lock */ = {
			isa = PBXShellScriptBuildPhase;
			buildActionMask = 2147483647;
			files = (
			);
			inputFileListPaths = (
			);
			inputPaths = (
				"${PODS_PODFILE_DIR_PATH}/Podfile.lock",
				"${PODS_ROOT}/Manifest.lock",
			);
			name = "[CP] Check Pods Manifest.lock";
			outputFileListPaths = (
			);
			outputPaths = (
				"$(DERIVED_FILE_DIR)/Pods-DogOutMap-checkManifestLockResult.txt",
			);
			runOnlyForDeploymentPostprocessing = 0;
			shellPath = /bin/sh;
			shellScript = "diff \"${PODS_PODFILE_DIR_PATH}/Podfile.lock\" \"${PODS_ROOT}/Manifest.lock\" > /dev/null\nif [ $? != 0 ] ; then\n    # print error to STDERR\n    echo \"error: The sandbox is not in sync with the Podfile.lock. Run 'pod install' or update your CocoaPods installation.\" >&2\n    exit 1\nfi\n# This output is used by Xcode 'outputs' to avoid re-running this script phase.\necho \"SUCCESS\" > \"${SCRIPT_OUTPUT_FILE_0}\"\n";
			showEnvVarsInLog = 0;
		};
/* End PBXShellScriptBuildPhase section */

/* Begin PBXSourcesBuildPhase section */
		2328844021E6032100E5E7C1 /* Sources */ = {
			isa = PBXSourcesBuildPhase;
			buildActionMask = 2147483647;
			files = (
				2328844A21E6032100E5E7C1 /* ViewController.swift in Sources */,
				2366AB4221FF7F6A00868797 /* DirectionsViewController.swift in Sources */,
				2373C75D21E6678A00C1F6DF /* ForgetFirstAlertViewController.swift in Sources */,
				2366AB4021FF579500868797 /* ReportsTableViewCell.swift in Sources */,
				2373C76121E6994000C1F6DF /* TermsAndConditionsViewController.swift in Sources */,
				2373C76721E74EC100C1F6DF /* HomeViewController.swift in Sources */,
				2373C76521E6DE9900C1F6DF /* VerifyCodeViewController.swift in Sources */,
				23C8C24321FCC85700FECEC4 /* ReportLocationViewController.swift in Sources */,
				2328844821E6032100E5E7C1 /* AppDelegate.swift in Sources */,
				2328847C21E60ADA00E5E7C1 /* SignUpViewController.swift in Sources */,
				23C8C24521FD139500FECEC4 /* SuggestNewLocationViewController.swift in Sources */,
				23C8C23721FC5C8700FECEC4 /* WritingReviewViewController.swift in Sources */,
				2328847A21E60ACA00E5E7C1 /* SignInViewController.swift in Sources */,
				234BDED321FB1F3800B2C944 /* Global.swift in Sources */,
				23296F8421E7EE280013AAC8 /* mapInfo.swift in Sources */,
			);
			runOnlyForDeploymentPostprocessing = 0;
		};
		2328845421E6032800E5E7C1 /* Sources */ = {
			isa = PBXSourcesBuildPhase;
			buildActionMask = 2147483647;
			files = (
				2328845D21E6032900E5E7C1 /* DogOutMapTests.swift in Sources */,
			);
			runOnlyForDeploymentPostprocessing = 0;
		};
		2328845F21E6032900E5E7C1 /* Sources */ = {
			isa = PBXSourcesBuildPhase;
			buildActionMask = 2147483647;
			files = (
				2328846821E6032900E5E7C1 /* DogOutMapUITests.swift in Sources */,
			);
			runOnlyForDeploymentPostprocessing = 0;
		};
/* End PBXSourcesBuildPhase section */

/* Begin PBXTargetDependency section */
		2328845A21E6032900E5E7C1 /* PBXTargetDependency */ = {
			isa = PBXTargetDependency;
			target = 2328844321E6032100E5E7C1 /* DogOutMap */;
			targetProxy = 2328845921E6032900E5E7C1 /* PBXContainerItemProxy */;
		};
		2328846521E6032900E5E7C1 /* PBXTargetDependency */ = {
			isa = PBXTargetDependency;
			target = 2328844321E6032100E5E7C1 /* DogOutMap */;
			targetProxy = 2328846421E6032900E5E7C1 /* PBXContainerItemProxy */;
		};
/* End PBXTargetDependency section */

/* Begin PBXVariantGroup section */
		2328844B21E6032100E5E7C1 /* Main.storyboard */ = {
			isa = PBXVariantGroup;
			children = (
				2328844C21E6032100E5E7C1 /* Base */,
			);
			name = Main.storyboard;
			sourceTree = "<group>";
		};
		2328845021E6032800E5E7C1 /* LaunchScreen.storyboard */ = {
			isa = PBXVariantGroup;
			children = (
				2328845121E6032800E5E7C1 /* Base */,
			);
			name = LaunchScreen.storyboard;
			sourceTree = "<group>";
		};
/* End PBXVariantGroup section */

/* Begin XCBuildConfiguration section */
		2328846A21E6032900E5E7C1 /* Debug */ = {
			isa = XCBuildConfiguration;
			buildSettings = {
				ALWAYS_SEARCH_USER_PATHS = NO;
				CLANG_ANALYZER_NONNULL = YES;
				CLANG_ANALYZER_NUMBER_OBJECT_CONVERSION = YES_AGGRESSIVE;
				CLANG_CXX_LANGUAGE_STANDARD = "gnu++14";
				CLANG_CXX_LIBRARY = "libc++";
				CLANG_ENABLE_MODULES = YES;
				CLANG_ENABLE_OBJC_ARC = YES;
				CLANG_ENABLE_OBJC_WEAK = YES;
				CLANG_WARN_BLOCK_CAPTURE_AUTORELEASING = YES;
				CLANG_WARN_BOOL_CONVERSION = YES;
				CLANG_WARN_COMMA = YES;
				CLANG_WARN_CONSTANT_CONVERSION = YES;
				CLANG_WARN_DEPRECATED_OBJC_IMPLEMENTATIONS = YES;
				CLANG_WARN_DIRECT_OBJC_ISA_USAGE = YES_ERROR;
				CLANG_WARN_DOCUMENTATION_COMMENTS = YES;
				CLANG_WARN_EMPTY_BODY = YES;
				CLANG_WARN_ENUM_CONVERSION = YES;
				CLANG_WARN_INFINITE_RECURSION = YES;
				CLANG_WARN_INT_CONVERSION = YES;
				CLANG_WARN_NON_LITERAL_NULL_CONVERSION = YES;
				CLANG_WARN_OBJC_IMPLICIT_RETAIN_SELF = YES;
				CLANG_WARN_OBJC_LITERAL_CONVERSION = YES;
				CLANG_WARN_OBJC_ROOT_CLASS = YES_ERROR;
				CLANG_WARN_RANGE_LOOP_ANALYSIS = YES;
				CLANG_WARN_STRICT_PROTOTYPES = YES;
				CLANG_WARN_SUSPICIOUS_MOVE = YES;
				CLANG_WARN_UNGUARDED_AVAILABILITY = YES_AGGRESSIVE;
				CLANG_WARN_UNREACHABLE_CODE = YES;
				CLANG_WARN__DUPLICATE_METHOD_MATCH = YES;
				CODE_SIGN_IDENTITY = "iPhone Developer";
				COPY_PHASE_STRIP = NO;
				DEBUG_INFORMATION_FORMAT = dwarf;
				ENABLE_STRICT_OBJC_MSGSEND = YES;
				ENABLE_TESTABILITY = YES;
				GCC_C_LANGUAGE_STANDARD = gnu11;
				GCC_DYNAMIC_NO_PIC = NO;
				GCC_NO_COMMON_BLOCKS = YES;
				GCC_OPTIMIZATION_LEVEL = 0;
				GCC_PREPROCESSOR_DEFINITIONS = (
					"DEBUG=1",
					"$(inherited)",
				);
				GCC_WARN_64_TO_32_BIT_CONVERSION = YES;
				GCC_WARN_ABOUT_RETURN_TYPE = YES_ERROR;
				GCC_WARN_UNDECLARED_SELECTOR = YES;
				GCC_WARN_UNINITIALIZED_AUTOS = YES_AGGRESSIVE;
				GCC_WARN_UNUSED_FUNCTION = YES;
				GCC_WARN_UNUSED_VARIABLE = YES;
				IPHONEOS_DEPLOYMENT_TARGET = 12.1;
				MTL_ENABLE_DEBUG_INFO = INCLUDE_SOURCE;
				MTL_FAST_MATH = YES;
				ONLY_ACTIVE_ARCH = YES;
				SDKROOT = iphoneos;
				SWIFT_ACTIVE_COMPILATION_CONDITIONS = DEBUG;
				SWIFT_OPTIMIZATION_LEVEL = "-Onone";
			};
			name = Debug;
		};
		2328846B21E6032900E5E7C1 /* Release */ = {
			isa = XCBuildConfiguration;
			buildSettings = {
				ALWAYS_SEARCH_USER_PATHS = NO;
				CLANG_ANALYZER_NONNULL = YES;
				CLANG_ANALYZER_NUMBER_OBJECT_CONVERSION = YES_AGGRESSIVE;
				CLANG_CXX_LANGUAGE_STANDARD = "gnu++14";
				CLANG_CXX_LIBRARY = "libc++";
				CLANG_ENABLE_MODULES = YES;
				CLANG_ENABLE_OBJC_ARC = YES;
				CLANG_ENABLE_OBJC_WEAK = YES;
				CLANG_WARN_BLOCK_CAPTURE_AUTORELEASING = YES;
				CLANG_WARN_BOOL_CONVERSION = YES;
				CLANG_WARN_COMMA = YES;
				CLANG_WARN_CONSTANT_CONVERSION = YES;
				CLANG_WARN_DEPRECATED_OBJC_IMPLEMENTATIONS = YES;
				CLANG_WARN_DIRECT_OBJC_ISA_USAGE = YES_ERROR;
				CLANG_WARN_DOCUMENTATION_COMMENTS = YES;
				CLANG_WARN_EMPTY_BODY = YES;
				CLANG_WARN_ENUM_CONVERSION = YES;
				CLANG_WARN_INFINITE_RECURSION = YES;
				CLANG_WARN_INT_CONVERSION = YES;
				CLANG_WARN_NON_LITERAL_NULL_CONVERSION = YES;
				CLANG_WARN_OBJC_IMPLICIT_RETAIN_SELF = YES;
				CLANG_WARN_OBJC_LITERAL_CONVERSION = YES;
				CLANG_WARN_OBJC_ROOT_CLASS = YES_ERROR;
				CLANG_WARN_RANGE_LOOP_ANALYSIS = YES;
				CLANG_WARN_STRICT_PROTOTYPES = YES;
				CLANG_WARN_SUSPICIOUS_MOVE = YES;
				CLANG_WARN_UNGUARDED_AVAILABILITY = YES_AGGRESSIVE;
				CLANG_WARN_UNREACHABLE_CODE = YES;
				CLANG_WARN__DUPLICATE_METHOD_MATCH = YES;
				CODE_SIGN_IDENTITY = "iPhone Developer";
				COPY_PHASE_STRIP = NO;
				DEBUG_INFORMATION_FORMAT = "dwarf-with-dsym";
				ENABLE_NS_ASSERTIONS = NO;
				ENABLE_STRICT_OBJC_MSGSEND = YES;
				GCC_C_LANGUAGE_STANDARD = gnu11;
				GCC_NO_COMMON_BLOCKS = YES;
				GCC_WARN_64_TO_32_BIT_CONVERSION = YES;
				GCC_WARN_ABOUT_RETURN_TYPE = YES_ERROR;
				GCC_WARN_UNDECLARED_SELECTOR = YES;
				GCC_WARN_UNINITIALIZED_AUTOS = YES_AGGRESSIVE;
				GCC_WARN_UNUSED_FUNCTION = YES;
				GCC_WARN_UNUSED_VARIABLE = YES;
				IPHONEOS_DEPLOYMENT_TARGET = 12.1;
				MTL_ENABLE_DEBUG_INFO = NO;
				MTL_FAST_MATH = YES;
				SDKROOT = iphoneos;
				SWIFT_COMPILATION_MODE = wholemodule;
				SWIFT_OPTIMIZATION_LEVEL = "-O";
				VALIDATE_PRODUCT = YES;
			};
			name = Release;
		};
		2328846D21E6032900E5E7C1 /* Debug */ = {
			isa = XCBuildConfiguration;
			baseConfigurationReference = 068EFB9BD31AF7FFC675D7E7 /* Pods-DogOutMap.debug.xcconfig */;
			buildSettings = {
				ASSETCATALOG_COMPILER_APPICON_NAME = AppIcon;
				CODE_SIGN_STYLE = Automatic;
				DEVELOPMENT_TEAM = GXP2GX657C;
				INFOPLIST_FILE = DogOutMap/Info.plist;
				LD_RUNPATH_SEARCH_PATHS = (
					"$(inherited)",
					"@executable_path/Frameworks",
				);
				PRODUCT_BUNDLE_IDENTIFIER = waterflower125.com.MapApp12345;
				PRODUCT_NAME = "$(TARGET_NAME)";
				SWIFT_VERSION = 4.2;
				TARGETED_DEVICE_FAMILY = "1,2";
			};
			name = Debug;
		};
		2328846E21E6032900E5E7C1 /* Release */ = {
			isa = XCBuildConfiguration;
			baseConfigurationReference = 30EDC0C515F991391D01E7C2 /* Pods-DogOutMap.release.xcconfig */;
			buildSettings = {
				ASSETCATALOG_COMPILER_APPICON_NAME = AppIcon;
				CODE_SIGN_STYLE = Automatic;
				DEVELOPMENT_TEAM = GXP2GX657C;
				INFOPLIST_FILE = DogOutMap/Info.plist;
				LD_RUNPATH_SEARCH_PATHS = (
					"$(inherited)",
					"@executable_path/Frameworks",
				);
				PRODUCT_BUNDLE_IDENTIFIER = waterflower125.com.MapApp12345;
				PRODUCT_NAME = "$(TARGET_NAME)";
				SWIFT_VERSION = 4.2;
				TARGETED_DEVICE_FAMILY = "1,2";
			};
			name = Release;
		};
		2328847021E6032900E5E7C1 /* Debug */ = {
			isa = XCBuildConfiguration;
			buildSettings = {
				ALWAYS_EMBED_SWIFT_STANDARD_LIBRARIES = YES;
				BUNDLE_LOADER = "$(TEST_HOST)";
				CODE_SIGN_STYLE = Automatic;
				INFOPLIST_FILE = DogOutMapTests/Info.plist;
				LD_RUNPATH_SEARCH_PATHS = (
					"$(inherited)",
					"@executable_path/Frameworks",
					"@loader_path/Frameworks",
				);
				PRODUCT_BUNDLE_IDENTIFIER = waterflower125.com.MapApp12345.DogOutMapTests;
				PRODUCT_NAME = "$(TARGET_NAME)";
				SWIFT_VERSION = 4.2;
				TARGETED_DEVICE_FAMILY = "1,2";
				TEST_HOST = "$(BUILT_PRODUCTS_DIR)/DogOutMap.app/DogOutMap";
			};
			name = Debug;
		};
		2328847121E6032900E5E7C1 /* Release */ = {
			isa = XCBuildConfiguration;
			buildSettings = {
				ALWAYS_EMBED_SWIFT_STANDARD_LIBRARIES = YES;
				BUNDLE_LOADER = "$(TEST_HOST)";
				CODE_SIGN_STYLE = Automatic;
				INFOPLIST_FILE = DogOutMapTests/Info.plist;
				LD_RUNPATH_SEARCH_PATHS = (
					"$(inherited)",
					"@executable_path/Frameworks",
					"@loader_path/Frameworks",
				);
				PRODUCT_BUNDLE_IDENTIFIER = waterflower125.com.MapApp12345.DogOutMapTests;
				PRODUCT_NAME = "$(TARGET_NAME)";
				SWIFT_VERSION = 4.2;
				TARGETED_DEVICE_FAMILY = "1,2";
				TEST_HOST = "$(BUILT_PRODUCTS_DIR)/DogOutMap.app/DogOutMap";
			};
			name = Release;
		};
		2328847321E6032900E5E7C1 /* Debug */ = {
			isa = XCBuildConfiguration;
			buildSettings = {
				ALWAYS_EMBED_SWIFT_STANDARD_LIBRARIES = YES;
				CODE_SIGN_STYLE = Automatic;
				INFOPLIST_FILE = DogOutMapUITests/Info.plist;
				LD_RUNPATH_SEARCH_PATHS = (
					"$(inherited)",
					"@executable_path/Frameworks",
					"@loader_path/Frameworks",
				);
				PRODUCT_BUNDLE_IDENTIFIER = waterflower125.com.MapApp12345.DogOutMapUITests;
				PRODUCT_NAME = "$(TARGET_NAME)";
				SWIFT_VERSION = 4.2;
				TARGETED_DEVICE_FAMILY = "1,2";
				TEST_TARGET_NAME = DogOutMap;
			};
			name = Debug;
		};
		2328847421E6032900E5E7C1 /* Release */ = {
			isa = XCBuildConfiguration;
			buildSettings = {
				ALWAYS_EMBED_SWIFT_STANDARD_LIBRARIES = YES;
				CODE_SIGN_STYLE = Automatic;
				INFOPLIST_FILE = DogOutMapUITests/Info.plist;
				LD_RUNPATH_SEARCH_PATHS = (
					"$(inherited)",
					"@executable_path/Frameworks",
					"@loader_path/Frameworks",
				);
				PRODUCT_BUNDLE_IDENTIFIER = waterflower125.com.MapApp12345.DogOutMapUITests;
				PRODUCT_NAME = "$(TARGET_NAME)";
				SWIFT_VERSION = 4.2;
				TARGETED_DEVICE_FAMILY = "1,2";
				TEST_TARGET_NAME = DogOutMap;
			};
			name = Release;
		};
/* End XCBuildConfiguration section */

/* Begin XCConfigurationList section */
		2328843F21E6032100E5E7C1 /* Build configuration list for PBXProject "DogOutMap" */ = {
			isa = XCConfigurationList;
			buildConfigurations = (
				2328846A21E6032900E5E7C1 /* Debug */,
				2328846B21E6032900E5E7C1 /* Release */,
			);
			defaultConfigurationIsVisible = 0;
			defaultConfigurationName = Release;
		};
		2328846C21E6032900E5E7C1 /* Build configuration list for PBXNativeTarget "DogOutMap" */ = {
			isa = XCConfigurationList;
			buildConfigurations = (
				2328846D21E6032900E5E7C1 /* Debug */,
				2328846E21E6032900E5E7C1 /* Release */,
			);
			defaultConfigurationIsVisible = 0;
			defaultConfigurationName = Release;
		};
		2328846F21E6032900E5E7C1 /* Build configuration list for PBXNativeTarget "DogOutMapTests" */ = {
			isa = XCConfigurationList;
			buildConfigurations = (
				2328847021E6032900E5E7C1 /* Debug */,
				2328847121E6032900E5E7C1 /* Release */,
			);
			defaultConfigurationIsVisible = 0;
			defaultConfigurationName = Release;
		};
		2328847221E6032900E5E7C1 /* Build configuration list for PBXNativeTarget "DogOutMapUITests" */ = {
			isa = XCConfigurationList;
			buildConfigurations = (
				2328847321E6032900E5E7C1 /* Debug */,
				2328847421E6032900E5E7C1 /* Release */,
			);
			defaultConfigurationIsVisible = 0;
			defaultConfigurationName = Release;
		};
/* End XCConfigurationList section */
	};
	rootObject = 2328843C21E6032100E5E7C1 /* Project object */;
}
