// !$*UTF8*$!
{
	archiveVersion = 1;
	classes = {
	};
	objectVersion = 50;
	objects = {

/* Begin PBXBuildFile section */
		2328844821E6032100E5E7C1 /* AppDelegate.swift in Sources */ = {isa = PBXBuildFile; fileRef = 2328844721E6032100E5E7C1 /* AppDelegate.swift */; };
		2328844A21E6032100E5E7C1 /* ViewController.swift in Sources */ = {isa = PBXBuildFile; fileRef = 2328844921E6032100E5E7C1 /* ViewController.swift */; };
		2328844D21E6032100E5E7C1 /* Main.storyboard in Resources */ = {isa = PBXBuildFile; fileRef = 2328844B21E6032100E5E7C1 /* Main.storyboard */; };
		2328844F21E6032800E5E7C1 /* Assets.xcassets in Resources */ = {isa = PBXBuildFile; fileRef = 2328844E21E6032800E5E7C1 /* Assets.xcassets */; };
		2328845221E6032800E5E7C1 /* LaunchScreen.storyboard in Resources */ = {isa = PBXBuildFile; fileRef = 2328845021E6032800E5E7C1 /* LaunchScreen.storyboard */; };
		2328845D21E6032900E5E7C1 /* DogOutMapTests.swift in Sources */ = {isa = PBXBuildFile; fileRef = 2328845C21E6032900E5E7C1 /* DogOutMapTests.swift */; };
		2328846821E6032900E5E7C1 /* DogOutMapUITests.swift in Sources */ = {isa = PBXBuildFile; fileRef = 2328846721E6032900E5E7C1 /* DogOutMapUITests.swift */; };
/* End PBXBuildFile section */

/* Begin PBXContainerItemProxy section */
		2328845921E6032900E5E7C1 /* PBXContainerItemProxy */ = {
			isa = PBXContainerItemProxy;
			containerPortal = 2328843C21E6032100E5E7C1 /* Project object */;
			proxyType = 1;
			remoteGlobalIDString = 2328844321E6032100E5E7C1;
			remoteInfo = DogOutMap;
		};
		2328846421E6032900E5E7C1 /* PBXContainerItemProxy */ = {
			isa = PBXContainerItemProxy;
			containerPortal = 2328843C21E6032100E5E7C1 /* Project object */;
			proxyType = 1;
			remoteGlobalIDString = 2328844321E6032100E5E7C1;
			remoteInfo = DogOutMap;
		};
/* End PBXContainerItemProxy section */

/* Begin PBXFileReference section */
		2328844421E6032100E5E7C1 /* DogOutMap.app */ = {isa = PBXFileReference; explicitFileType = wrapper.application; includeInIndex = 0; path = DogOutMap.app; sourceTree = BUILT_PRODUCTS_DIR; };
		2328844721E6032100E5E7C1 /* AppDelegate.swift */ = {isa = PBXFileReference; lastKnownFileType = sourcecode.swift; path = AppDelegate.swift; sourceTree = "<group>"; };
		2328844921E6032100E5E7C1 /* ViewController.swift */ = {isa = PBXFileReference; lastKnownFileType = sourcecode.swift; path = ViewController.swift; sourceTree = "<group>"; };
		2328844C21E6032100E5E7C1 /* Base */ = {isa = PBXFileReference; lastKnownFileType = file.storyboard; name = Base; path = Base.lproj/Main.storyboard; sourceTree = "<group>"; };
		2328844E21E6032800E5E7C1 /* Assets.xcassets */ = {isa = PBXFileReference; lastKnownFileType = folder.assetcatalog; path = Assets.xcassets; sourceTree = "<group>"; };
		2328845121E6032800E5E7C1 /* Base */ = {isa = PBXFileReference; lastKnownFileType = file.storyboard; name = Base; path = Base.lproj/LaunchScreen.storyboard; sourceTree = "<group>"; };
		2328845321E6032800E5E7C1 /* Info.plist */ = {isa = PBXFileReference; lastKnownFileType = text.plist.xml; path = Info.plist; sourceTree = "<group>"; };
		2328845821E6032800E5E7C1 /* DogOutMapTests.xctest */ = {isa = PBXFileReference; explicitFileType = wrapper.cfbundle; includeInIndex = 0; path = DogOutMapTests.xctest; sourceTree = BUILT_PRODUCTS_DIR; };
		2328845C21E6032900E5E7C1 /* DogOutMapTests.swift */ = {isa = PBXFileReference; lastKnownFileType = sourcecode.swift; path = DogOutMapTests.swift; sourceTree = "<group>"; };
		2328845E21E6032900E5E7C1 /* Info.plist */ = {isa = PBXFileReference; lastKnownFileType = text.plist.xml; path = Info.plist; sourceTree = "<group>"; };
		2328846321E6032900E5E7C1 /* DogOutMapUITests.xctest */ = {isa = PBXFileReference; explicitFileType = wrapper.cfbundle; includeInIndex = 0; path = DogOutMapUITests.xctest; sourceTree = BUILT_PRODUCTS_DIR; };
		2328846721E6032900E5E7C1 /* DogOutMapUITests.swift */ = {isa = PBXFileReference; lastKnownFileType = sourcecode.swift; path = DogOutMapUITests.swift; sourceTree = "<group>"; };
		2328846921E6032900E5E7C1 /* Info.plist */ = {isa = PBXFileReference; lastKnownFileType = text.plist.xml; path = Info.plist; sourceTree = "<group>"; };
/* End PBXFileReference section */

/* Begin PBXFrameworksBuildPhase section */
		2328844121E6032100E5E7C1 /* Frameworks */ = {
			isa = PBXFrameworksBuildPhase;
			buildActionMask = 2147483647;
			files = (
			);
			runOnlyForDeploymentPostprocessing = 0;
		};
		2328845521E6032800E5E7C1 /* Frameworks */ = {
			isa = PBXFrameworksBuildPhase;
			buildActionMask = 2147483647;
			files = (
			);
			runOnlyForDeploymentPostprocessing = 0;
		};
		2328846021E6032900E5E7C1 /* Frameworks */ = {
			isa = PBXFrameworksBuildPhase;
			buildActionMask = 2147483647;
			files = (
			);
			runOnlyForDeploymentPostprocessing = 0;
		};
/* End PBXFrameworksBuildPhase section */

/* Begin PBXGroup section */
		2328843B21E6032100E5E7C1 = {
			isa = PBXGroup;
			children = (
				2328844621E6032100E5E7C1 /* DogOutMap */,
				2328845B21E6032900E5E7C1 /* DogOutMapTests */,
				2328846621E6032900E5E7C1 /* DogOutMapUITests */,
				2328844521E6032100E5E7C1 /* Products */,
			);
			sourceTree = "<group>";
		};
		2328844521E6032100E5E7C1 /* Products */ = {
			isa = PBXGroup;
			children = (
				2328844421E6032100E5E7C1 /* DogOutMap.app */,
				2328845821E6032800E5E7C1 /* DogOutMapTests.xctest */,
				2328846321E6032900E5E7C1 /* DogOutMapUITests.xctest */,
			);
			name = Products;
			sourceTree = "<group>";
		};
		2328844621E6032100E5E7C1 /* DogOutMap */ = {
			isa = PBXGroup;
			children = (
				2328844721E6032100E5E7C1 /* AppDelegate.swift */,
				2328844921E6032100E5E7C1 /* ViewController.swift */,
				2328844B21E6032100E5E7C1 /* Main.storyboard */,
				2328844E21E6032800E5E7C1 /* Assets.xcassets */,
				2328845021E6032800E5E7C1 /* LaunchScreen.storyboard */,
				2328845321E6032800E5E7C1 /* Info.plist */,
			);
			path = DogOutMap;
			sourceTree = "<group>";
		};
		2328845B21E6032900E5E7C1 /* DogOutMapTests */ = {
			isa = PBXGroup;
			children = (
				2328845C21E6032900E5E7C1 /* DogOutMapTests.swift */,
				2328845E21E6032900E5E7C1 /* Info.plist */,
			);
			path = DogOutMapTests;
			sourceTree = "<group>";
		};
		2328846621E6032900E5E7C1 /* DogOutMapUITests */ = {
			isa = PBXGroup;
			children = (
				2328846721E6032900E5E7C1 /* DogOutMapUITests.swift */,
				2328846921E6032900E5E7C1 /* Info.plist */,
			);
			path = DogOutMapUITests;
			sourceTree = "<group>";
		};
/* End PBXGroup section */

/* Begin PBXNativeTarget section */
		2328844321E6032100E5E7C1 /* DogOutMap */ = {
			isa = PBXNativeTarget;
			buildConfigurationList = 2328846C21E6032900E5E7C1 /* Build configuration list for PBXNativeTarget "DogOutMap" */;
			buildPhases = (
				2328844021E6032100E5E7C1 /* Sources */,
				2328844121E6032100E5E7C1 /* Frameworks */,
				2328844221E6032100E5E7C1 /* Resources */,
			);
			buildRules = (
			);
			dependencies = (
			);
			name = DogOutMap;
			productName = DogOutMap;
			productReference = 2328844421E6032100E5E7C1 /* DogOutMap.app */;
			productType = "com.apple.product-type.application";
		};
		2328845721E6032800E5E7C1 /* DogOutMapTests */ = {
			isa = PBXNativeTarget;
			buildConfigurationList = 2328846F21E6032900E5E7C1 /* Build configuration list for PBXNativeTarget "DogOutMapTests" */;
			buildPhases = (
				2328845421E6032800E5E7C1 /* Sources */,
				2328845521E6032800E5E7C1 /* Frameworks */,
				2328845621E6032800E5E7C1 /* Resources */,
			);
			buildRules = (
			);
			dependencies = (
				2328845A21E6032900E5E7C1 /* PBXTargetDependency */,
			);
			name = DogOutMapTests;
			productName = DogOutMapTests;
			productReference = 2328845821E6032800E5E7C1 /* DogOutMapTests.xctest */;
			productType = "com.apple.product-type.bundle.unit-test";
		};
		2328846221E6032900E5E7C1 /* DogOutMapUITests */ = {
			isa = PBXNativeTarget;
			buildConfigurationList = 2328847221E6032900E5E7C1 /* Build configuration list for PBXNativeTarget "DogOutMapUITests" */;
			buildPhases = (
				2328845F21E6032900E5E7C1 /* Sources */,
				2328846021E6032900E5E7C1 /* Frameworks */,
				2328846121E6032900E5E7C1 /* Resources */,
			);
			buildRules = (
			);
			dependencies = (
				2328846521E6032900E5E7C1 /* PBXTargetDependency */,
			);
			name = DogOutMapUITests;
			productName = DogOutMapUITests;
			productReference = 2328846321E6032900E5E7C1 /* DogOutMapUITests.xctest */;
			productType = "com.apple.product-type.bundle.ui-testing";
		};
/* End PBXNativeTarget section */

/* Begin PBXProject section */
		2328843C21E6032100E5E7C1 /* Project object */ = {
			isa = PBXProject;
			attributes = {
				LastSwiftUpdateCheck = 1010;
				LastUpgradeCheck = 1010;
				ORGANIZATIONNAME = "Water Flower";
				TargetAttributes = {
					2328844321E6032100E5E7C1 = {
						CreatedOnToolsVersion = 10.1;
					};
					2328845721E6032800E5E7C1 = {
						CreatedOnToolsVersion = 10.1;
						TestTargetID = 2328844321E6032100E5E7C1;
					};
					2328846221E6032900E5E7C1 = {
						CreatedOnToolsVersion = 10.1;
						TestTargetID = 2328844321E6032100E5E7C1;
					};
				};
			};
			buildConfigurationList = 2328843F21E6032100E5E7C1 /* Build configuration list for PBXProject "DogOutMap" */;
			compatibilityVersion = "Xcode 9.3";
			developmentRegion = en;
			hasScannedForEncodings = 0;
			knownRegions = (
				en,
				Base,
			);
			mainGroup = 2328843B21E6032100E5E7C1;
			productRefGroup = 2328844521E6032100E5E7C1 /* Products */;
			projectDirPath = "";
			projectRoot = "";
			targets = (
				2328844321E6032100E5E7C1 /* DogOutMap */,
				2328845721E6032800E5E7C1 /* DogOutMapTests */,
				2328846221E6032900E5E7C1 /* DogOutMapUITests */,
			);
		};
/* End PBXProject section */

/* Begin PBXResourcesBuildPhase section */
		2328844221E6032100E5E7C1 /* Resources */ = {
			isa = PBXResourcesBuildPhase;
			buildActionMask = 2147483647;
			files = (
				2328845221E6032800E5E7C1 /* LaunchScreen.storyboard in Resources */,
				2328844F21E6032800E5E7C1 /* Assets.xcassets in Resources */,
				2328844D21E6032100E5E7C1 /* Main.storyboard in Resources */,
			);
			runOnlyForDeploymentPostprocessing = 0;
		};
		2328845621E6032800E5E7C1 /* Resources */ = {
			isa = PBXResourcesBuildPhase;
			buildActionMask = 2147483647;
			files = (
			);
			runOnlyForDeploymentPostprocessing = 0;
		};
		2328846121E6032900E5E7C1 /* Resources */ = {
			isa = PBXResourcesBuildPhase;
			buildActionMask = 2147483647;
			files = (
			);
			runOnlyForDeploymentPostprocessing = 0;
		};
/* End PBXResourcesBuildPhase section */

/* Begin PBXSourcesBuildPhase section */
		2328844021E6032100E5E7C1 /* Sources */ = {
			isa = PBXSourcesBuildPhase;
			buildActionMask = 2147483647;
			files = (
				2328844A21E6032100E5E7C1 /* ViewController.swift in Sources */,
				2328844821E6032100E5E7C1 /* AppDelegate.swift in Sources */,
			);
			runOnlyForDeploymentPostprocessing = 0;
		};
		2328845421E6032800E5E7C1 /* Sources */ = {
			isa = PBXSourcesBuildPhase;
			buildActionMask = 2147483647;
			files = (
				2328845D21E6032900E5E7C1 /* DogOutMapTests.swift in Sources */,
			);
			runOnlyForDeploymentPostprocessing = 0;
		};
		2328845F21E6032900E5E7C1 /* Sources */ = {
			isa = PBXSourcesBuildPhase;
			buildActionMask = 2147483647;
			files = (
				2328846821E6032900E5E7C1 /* DogOutMapUITests.swift in Sources */,
			);
			runOnlyForDeploymentPostprocessing = 0;
		};
/* End PBXSourcesBuildPhase section */

/* Begin PBXTargetDependency section */
		2328845A21E6032900E5E7C1 /* PBXTargetDependency */ = {
			isa = PBXTargetDependency;
			target = 2328844321E6032100E5E7C1 /* DogOutMap */;
			targetProxy = 2328845921E6032900E5E7C1 /* PBXContainerItemProxy */;
		};
		2328846521E6032900E5E7C1 /* PBXTargetDependency */ = {
			isa = PBXTargetDependency;
			target = 2328844321E6032100E5E7C1 /* DogOutMap */;
			targetProxy = 2328846421E6032900E5E7C1 /* PBXContainerItemProxy */;
		};
/* End PBXTargetDependency section */

/* Begin PBXVariantGroup section */
		2328844B21E6032100E5E7C1 /* Main.storyboard */ = {
			isa = PBXVariantGroup;
			children = (
				2328844C21E6032100E5E7C1 /* Base */,
			);
			name = Main.storyboard;
			sourceTree = "<group>";
		};
		2328845021E6032800E5E7C1 /* LaunchScreen.storyboard */ = {
			isa = PBXVariantGroup;
			children = (
				2328845121E6032800E5E7C1 /* Base */,
			);
			name = LaunchScreen.storyboard;
			sourceTree = "<group>";
		};
/* End PBXVariantGroup section */

/* Begin XCBuildConfiguration section */
		2328846A21E6032900E5E7C1 /* Debug */ = {
			isa = XCBuildConfiguration;
			buildSettings = {
				ALWAYS_SEARCH_USER_PATHS = NO;
				CLANG_ANALYZER_NONNULL = YES;
				CLANG_ANALYZER_NUMBER_OBJECT_CONVERSION = YES_AGGRESSIVE;
				CLANG_CXX_LANGUAGE_STANDARD = "gnu++14";
				CLANG_CXX_LIBRARY = "libc++";
				CLANG_ENABLE_MODULES = YES;
				CLANG_ENABLE_OBJC_ARC = YES;
				CLANG_ENABLE_OBJC_WEAK = YES;
				CLANG_WARN_BLOCK_CAPTURE_AUTORELEASING = YES;
				CLANG_WARN_BOOL_CONVERSION = YES;
				CLANG_WARN_COMMA = YES;
				CLANG_WARN_CONSTANT_CONVERSION = YES;
				CLANG_WARN_DEPRECATED_OBJC_IMPLEMENTATIONS = YES;
				CLANG_WARN_DIRECT_OBJC_ISA_USAGE = YES_ERROR;
				CLANG_WARN_DOCUMENTATION_COMMENTS = YES;
				CLANG_WARN_EMPTY_BODY = YES;
				CLANG_WARN_ENUM_CONVERSION = YES;
				CLANG_WARN_INFINITE_RECURSION = YES;
				CLANG_WARN_INT_CONVERSION = YES;
				CLANG_WARN_NON_LITERAL_NULL_CONVERSION = YES;
				CLANG_WARN_OBJC_IMPLICIT_RETAIN_SELF = YES;
				CLANG_WARN_OBJC_LITERAL_CONVERSION = YES;
				CLANG_WARN_OBJC_ROOT_CLASS = YES_ERROR;
				CLANG_WARN_RANGE_LOOP_ANALYSIS = YES;
				CLANG_WARN_STRICT_PROTOTYPES = YES;
				CLANG_WARN_SUSPICIOUS_MOVE = YES;
				CLANG_WARN_UNGUARDED_AVAILABILITY = YES_AGGRESSIVE;
				CLANG_WARN_UNREACHABLE_CODE = YES;
				CLANG_WARN__DUPLICATE_METHOD_MATCH = YES;
				CODE_SIGN_IDENTITY = "iPhone Developer";
				COPY_PHASE_STRIP = NO;
				DEBUG_INFORMATION_FORMAT = dwarf;
				ENABLE_STRICT_OBJC_MSGSEND = YES;
				ENABLE_TESTABILITY = YES;
				GCC_C_LANGUAGE_STANDARD = gnu11;
				GCC_DYNAMIC_NO_PIC = NO;
				GCC_NO_COMMON_BLOCKS = YES;
				GCC_OPTIMIZATION_LEVEL = 0;
				GCC_PREPROCESSOR_DEFINITIONS = (
					"DEBUG=1",
					"$(inherited)",
				);
				GCC_WARN_64_TO_32_BIT_CONVERSION = YES;
				GCC_WARN_ABOUT_RETURN_TYPE = YES_ERROR;
				GCC_WARN_UNDECLARED_SELECTOR = YES;
				GCC_WARN_UNINITIALIZED_AUTOS = YES_AGGRESSIVE;
				GCC_WARN_UNUSED_FUNCTION = YES;
				GCC_WARN_UNUSED_VARIABLE = YES;
				IPHONEOS_DEPLOYMENT_TARGET = 12.1;
				MTL_ENABLE_DEBUG_INFO = INCLUDE_SOURCE;
				MTL_FAST_MATH = YES;
				ONLY_ACTIVE_ARCH = YES;
				SDKROOT = iphoneos;
				SWIFT_ACTIVE_COMPILATION_CONDITIONS = DEBUG;
				SWIFT_OPTIMIZATION_LEVEL = "-Onone";
			};
			name = Debug;
		};
		2328846B21E6032900E5E7C1 /* Release */ = {
			isa = XCBuildConfiguration;
			buildSettings = {
				ALWAYS_SEARCH_USER_PATHS = NO;
				CLANG_ANALYZER_NONNULL = YES;
				CLANG_ANALYZER_NUMBER_OBJECT_CONVERSION = YES_AGGRESSIVE;
				CLANG_CXX_LANGUAGE_STANDARD = "gnu++14";
				CLANG_CXX_LIBRARY = "libc++";
				CLANG_ENABLE_MODULES = YES;
				CLANG_ENABLE_OBJC_ARC = YES;
				CLANG_ENABLE_OBJC_WEAK = YES;
				CLANG_WARN_BLOCK_CAPTURE_AUTORELEASING = YES;
				CLANG_WARN_BOOL_CONVERSION = YES;
				CLANG_WARN_COMMA = YES;
				CLANG_WARN_CONSTANT_CONVERSION = YES;
				CLANG_WARN_DEPRECATED_OBJC_IMPLEMENTATIONS = YES;
				CLANG_WARN_DIRECT_OBJC_ISA_USAGE = YES_ERROR;
				CLANG_WARN_DOCUMENTATION_COMMENTS = YES;
				CLANG_WARN_EMPTY_BODY = YES;
				CLANG_WARN_ENUM_CONVERSION = YES;
				CLANG_WARN_INFINITE_RECURSION = YES;
				CLANG_WARN_INT_CONVERSION = YES;
				CLANG_WARN_NON_LITERAL_NULL_CONVERSION = YES;
				CLANG_WARN_OBJC_IMPLICIT_RETAIN_SELF = YES;
				CLANG_WARN_OBJC_LITERAL_CONVERSION = YES;
				CLANG_WARN_OBJC_ROOT_CLASS = YES_ERROR;
				CLANG_WARN_RANGE_LOOP_ANALYSIS = YES;
				CLANG_WARN_STRICT_PROTOTYPES = YES;
				CLANG_WARN_SUSPICIOUS_MOVE = YES;
				CLANG_WARN_UNGUARDED_AVAILABILITY = YES_AGGRESSIVE;
				CLANG_WARN_UNREACHABLE_CODE = YES;
				CLANG_WARN__DUPLICATE_METHOD_MATCH = YES;
				CODE_SIGN_IDENTITY = "iPhone Developer";
				COPY_PHASE_STRIP = NO;
				DEBUG_INFORMATION_FORMAT = "dwarf-with-dsym";
				ENABLE_NS_ASSERTIONS = NO;
				ENABLE_STRICT_OBJC_MSGSEND = YES;
				GCC_C_LANGUAGE_STANDARD = gnu11;
				GCC_NO_COMMON_BLOCKS = YES;
				GCC_WARN_64_TO_32_BIT_CONVERSION = YES;
				GCC_WARN_ABOUT_RETURN_TYPE = YES_ERROR;
				GCC_WARN_UNDECLARED_SELECTOR = YES;
				GCC_WARN_UNINITIALIZED_AUTOS = YES_AGGRESSIVE;
				GCC_WARN_UNUSED_FUNCTION = YES;
				GCC_WARN_UNUSED_VARIABLE = YES;
				IPHONEOS_DEPLOYMENT_TARGET = 12.1;
				MTL_ENABLE_DEBUG_INFO = NO;
				MTL_FAST_MATH = YES;
				SDKROOT = iphoneos;
				SWIFT_COMPILATION_MODE = wholemodule;
				SWIFT_OPTIMIZATION_LEVEL = "-O";
				VALIDATE_PRODUCT = YES;
			};
			name = Release;
		};
		2328846D21E6032900E5E7C1 /* Debug */ = {
			isa = XCBuildConfiguration;
			buildSettings = {
				ASSETCATALOG_COMPILER_APPICON_NAME = AppIcon;
				CODE_SIGN_STYLE = Automatic;
				INFOPLIST_FILE = DogOutMap/Info.plist;
				LD_RUNPATH_SEARCH_PATHS = (
					"$(inherited)",
					"@executable_path/Frameworks",
				);
				PRODUCT_BUNDLE_IDENTIFIER = waterflower125.com.MapApp12345;
				PRODUCT_NAME = "$(TARGET_NAME)";
				SWIFT_VERSION = 4.2;
				TARGETED_DEVICE_FAMILY = "1,2";
			};
			name = Debug;
		};
		2328846E21E6032900E5E7C1 /* Release */ = {
			isa = XCBuildConfiguration;
			buildSettings = {
				ASSETCATALOG_COMPILER_APPICON_NAME = AppIcon;
				CODE_SIGN_STYLE = Automatic;
				INFOPLIST_FILE = DogOutMap/Info.plist;
				LD_RUNPATH_SEARCH_PATHS = (
					"$(inherited)",
					"@executable_path/Frameworks",
				);
				PRODUCT_BUNDLE_IDENTIFIER = waterflower125.com.MapApp12345;
				PRODUCT_NAME = "$(TARGET_NAME)";
				SWIFT_VERSION = 4.2;
				TARGETED_DEVICE_FAMILY = "1,2";
			};
			name = Release;
		};
		2328847021E6032900E5E7C1 /* Debug */ = {
			isa = XCBuildConfiguration;
			buildSettings = {
				ALWAYS_EMBED_SWIFT_STANDARD_LIBRARIES = YES;
				BUNDLE_LOADER = "$(TEST_HOST)";
				CODE_SIGN_STYLE = Automatic;
				INFOPLIST_FILE = DogOutMapTests/Info.plist;
				LD_RUNPATH_SEARCH_PATHS = (
					"$(inherited)",
					"@executable_path/Frameworks",
					"@loader_path/Frameworks",
				);
				PRODUCT_BUNDLE_IDENTIFIER = waterflower125.com.MapApp12345.DogOutMapTests;
				PRODUCT_NAME = "$(TARGET_NAME)";
				SWIFT_VERSION = 4.2;
				TARGETED_DEVICE_FAMILY = "1,2";
				TEST_HOST = "$(BUILT_PRODUCTS_DIR)/DogOutMap.app/DogOutMap";
			};
			name = Debug;
		};
		2328847121E6032900E5E7C1 /* Release */ = {
			isa = XCBuildConfiguration;
			buildSettings = {
				ALWAYS_EMBED_SWIFT_STANDARD_LIBRARIES = YES;
				BUNDLE_LOADER = "$(TEST_HOST)";
				CODE_SIGN_STYLE = Automatic;
				INFOPLIST_FILE = DogOutMapTests/Info.plist;
				LD_RUNPATH_SEARCH_PATHS = (
					"$(inherited)",
					"@executable_path/Frameworks",
					"@loader_path/Frameworks",
				);
				PRODUCT_BUNDLE_IDENTIFIER = waterflower125.com.MapApp12345.DogOutMapTests;
				PRODUCT_NAME = "$(TARGET_NAME)";
				SWIFT_VERSION = 4.2;
				TARGETED_DEVICE_FAMILY = "1,2";
				TEST_HOST = "$(BUILT_PRODUCTS_DIR)/DogOutMap.app/DogOutMap";
			};
			name = Release;
		};
		2328847321E6032900E5E7C1 /* Debug */ = {
			isa = XCBuildConfiguration;
			buildSettings = {
				ALWAYS_EMBED_SWIFT_STANDARD_LIBRARIES = YES;
				CODE_SIGN_STYLE = Automatic;
				INFOPLIST_FILE = DogOutMapUITests/Info.plist;
				LD_RUNPATH_SEARCH_PATHS = (
					"$(inherited)",
					"@executable_path/Frameworks",
					"@loader_path/Frameworks",
				);
				PRODUCT_BUNDLE_IDENTIFIER = waterflower125.com.MapApp12345.DogOutMapUITests;
				PRODUCT_NAME = "$(TARGET_NAME)";
				SWIFT_VERSION = 4.2;
				TARGETED_DEVICE_FAMILY = "1,2";
				TEST_TARGET_NAME = DogOutMap;
			};
			name = Debug;
		};
		2328847421E6032900E5E7C1 /* Release */ = {
			isa = XCBuildConfiguration;
			buildSettings = {
				ALWAYS_EMBED_SWIFT_STANDARD_LIBRARIES = YES;
				CODE_SIGN_STYLE = Automatic;
				INFOPLIST_FILE = DogOutMapUITests/Info.plist;
				LD_RUNPATH_SEARCH_PATHS = (
					"$(inherited)",
					"@executable_path/Frameworks",
					"@loader_path/Frameworks",
				);
				PRODUCT_BUNDLE_IDENTIFIER = waterflower125.com.MapApp12345.DogOutMapUITests;
				PRODUCT_NAME = "$(TARGET_NAME)";
				SWIFT_VERSION = 4.2;
				TARGETED_DEVICE_FAMILY = "1,2";
				TEST_TARGET_NAME = DogOutMap;
			};
			name = Release;
		};
/* End XCBuildConfiguration section */

/* Begin XCConfigurationList section */
		2328843F21E6032100E5E7C1 /* Build configuration list for PBXProject "DogOutMap" */ = {
			isa = XCConfigurationList;
			buildConfigurations = (
				2328846A21E6032900E5E7C1 /* Debug */,
				2328846B21E6032900E5E7C1 /* Release */,
			);
			defaultConfigurationIsVisible = 0;
			defaultConfigurationName = Release;
		};
		2328846C21E6032900E5E7C1 /* Build configuration list for PBXNativeTarget "DogOutMap" */ = {
			isa = XCConfigurationList;
			buildConfigurations = (
				2328846D21E6032900E5E7C1 /* Debug */,
				2328846E21E6032900E5E7C1 /* Release */,
			);
			defaultConfigurationIsVisible = 0;
			defaultConfigurationName = Release;
		};
		2328846F21E6032900E5E7C1 /* Build configuration list for PBXNativeTarget "DogOutMapTests" */ = {
			isa = XCConfigurationList;
			buildConfigurations = (
				2328847021E6032900E5E7C1 /* Debug */,
				2328847121E6032900E5E7C1 /* Release */,
			);
			defaultConfigurationIsVisible = 0;
			defaultConfigurationName = Release;
		};
		2328847221E6032900E5E7C1 /* Build configuration list for PBXNativeTarget "DogOutMapUITests" */ = {
			isa = XCConfigurationList;
			buildConfigurations = (
				2328847321E6032900E5E7C1 /* Debug */,
				2328847421E6032900E5E7C1 /* Release */,
			);
			defaultConfigurationIsVisible = 0;
			defaultConfigurationName = Release;
		};
/* End XCConfigurationList section */
	};
	rootObject = 2328843C21E6032100E5E7C1 /* Project object */;
}
